
Microsoft Visual Studio Solution File, Format Version 12.00
# Visual Studio Version 17
VisualStudioVersion = 17.4.33205.214
MinimumVisualStudioVersion = 10.0.40219.1
Project("{FAE04EC0-301F-11D3-BF4B-00C04F79EFBC}") = "WebApplication8", "WebApplication8\WebApplication8.csproj", "{E663DBF2-DA06-4C49-8BDA-ABC7117219C0}"
EndProject
Global
	GlobalSection(SolutionConfigurationPlatforms) = preSolution
		Debug|Any CPU = Debug|Any CPU
		Release|Any CPU = Release|Any CPU
	EndGlobalSection
	GlobalSection(ProjectConfigurationPlatforms) = postSolution
		{E663DBF2-DA06-4C49-8BDA-ABC7117219C0}.Debug|Any CPU.ActiveCfg = Debug|Any CPU
		{E663DBF2-DA06-4C49-8BDA-ABC7117219C0}.Debug|Any CPU.Build.0 = Debug|Any CPU
		{E663DBF2-DA06-4C49-8BDA-ABC7117219C0}.Release|Any CPU.ActiveCfg = Release|Any CPU
		{E663DBF2-DA06-4C49-8BDA-ABC7117219C0}.Release|Any CPU.Build.0 = Release|Any CPU
	EndGlobalSection
	GlobalSection(SolutionProperties) = preSolution
		HideSolutionNode = FALSE
	EndGlobalSection
	GlobalSection(ExtensibilityGlobals) = postSolution
		SolutionGuid = {A6A620E1-57D8-4FA5-ABE2-4979B6250B88}
	EndGlobalSection
EndGlobal
